// !$*UTF8*$!
{
	archiveVersion = 1;
	classes = {
	};
	objectVersion = 50;
	objects = {

/* Begin PBXBuildFile section */
		4A1ADF1222739DD300E6F187 /* MenuLeftPanelVC.swift in Sources */ = {isa = PBXBuildFile; fileRef = 4A1ADF1122739DD300E6F187 /* MenuLeftPanelVC.swift */; };
		4A2FE7092275FEFB0098AA1B /* RoundedTextField.swift in Sources */ = {isa = PBXBuildFile; fileRef = 4A2FE7082275FEFB0098AA1B /* RoundedTextField.swift */; };
		4A2FE70B22760AFA0098AA1B /* RoundedInloggenForm.swift in Sources */ = {isa = PBXBuildFile; fileRef = 4A2FE70A22760AFA0098AA1B /* RoundedInloggenForm.swift */; };
		4A2FE70D22760B640098AA1B /* RoundedInloggenButton.swift in Sources */ = {isa = PBXBuildFile; fileRef = 4A2FE70C22760B640098AA1B /* RoundedInloggenButton.swift */; };
		4A65653D2271F62600219D06 /* AppDelegate.swift in Sources */ = {isa = PBXBuildFile; fileRef = 4A65653C2271F62600219D06 /* AppDelegate.swift */; };
		4A65653F2271F62600219D06 /* HomeVC.swift in Sources */ = {isa = PBXBuildFile; fileRef = 4A65653E2271F62600219D06 /* HomeVC.swift */; };
		4A6565422271F62600219D06 /* Main.storyboard in Resources */ = {isa = PBXBuildFile; fileRef = 4A6565402271F62600219D06 /* Main.storyboard */; };
		4A6565442271F62700219D06 /* Assets.xcassets in Resources */ = {isa = PBXBuildFile; fileRef = 4A6565432271F62700219D06 /* Assets.xcassets */; };
		4A6565472271F62700219D06 /* LaunchScreen.storyboard in Resources */ = {isa = PBXBuildFile; fileRef = 4A6565452271F62700219D06 /* LaunchScreen.storyboard */; };
		4A80116722747C470022C3FA /* ContainerVC.swift in Sources */ = {isa = PBXBuildFile; fileRef = 4A80116622747C470022C3FA /* ContainerVC.swift */; };
		4A80116A22748B3E0022C3FA /* CenterVCDelegate.swift in Sources */ = {isa = PBXBuildFile; fileRef = 4A80116922748B3E0022C3FA /* CenterVCDelegate.swift */; };
		4A80116D2274C4EB0022C3FA /* UIViewExt.swift in Sources */ = {isa = PBXBuildFile; fileRef = 4A80116C2274C4EB0022C3FA /* UIViewExt.swift */; };
		4A80116F2274E9BE0022C3FA /* InloggenVC.swift in Sources */ = {isa = PBXBuildFile; fileRef = 4A80116E2274E9BE0022C3FA /* InloggenVC.swift */; };
		4AB27FDB22733245000E3B24 /* GradientView.swift in Sources */ = {isa = PBXBuildFile; fileRef = 4AB27FDA22733245000E3B24 /* GradientView.swift */; };
		4AB27FDD22734AFC000E3B24 /* RoundedImageView.swift in Sources */ = {isa = PBXBuildFile; fileRef = 4AB27FDC22734AFC000E3B24 /* RoundedImageView.swift */; };
		4AD5C37F22734CF300CA3A92 /* RoundedLocationForm.swift in Sources */ = {isa = PBXBuildFile; fileRef = 4AD5C37E22734CF300CA3A92 /* RoundedLocationForm.swift */; };
		4AD5C3812273504400CA3A92 /* CircleLocationFormView.swift in Sources */ = {isa = PBXBuildFile; fileRef = 4AD5C3802273504400CA3A92 /* CircleLocationFormView.swift */; };
		4AD5C38322735F2000CA3A92 /* RoundedBoekEenRitButton.swift in Sources */ = {isa = PBXBuildFile; fileRef = 4AD5C38222735F2000CA3A92 /* RoundedBoekEenRitButton.swift */; };
		4AD5C3852273613D00CA3A92 /* CenterMapButton.swift in Sources */ = {isa = PBXBuildFile; fileRef = 4AD5C3842273613D00CA3A92 /* CenterMapButton.swift */; };
		B766CA26C21C93D73D717E3C /* Pods_erkeb.framework in Frameworks */ = {isa = PBXBuildFile; fileRef = 58DF2EA7F81F745BDBE57BF7 /* Pods_erkeb.framework */; };
/* End PBXBuildFile section */

/* Begin PBXFileReference section */
		4A1ADF1122739DD300E6F187 /* MenuLeftPanelVC.swift */ = {isa = PBXFileReference; lastKnownFileType = sourcecode.swift; path = MenuLeftPanelVC.swift; sourceTree = "<group>"; };
		4A2FE7082275FEFB0098AA1B /* RoundedTextField.swift */ = {isa = PBXFileReference; lastKnownFileType = sourcecode.swift; path = RoundedTextField.swift; sourceTree = "<group>"; };
		4A2FE70A22760AFA0098AA1B /* RoundedInloggenForm.swift */ = {isa = PBXFileReference; lastKnownFileType = sourcecode.swift; path = RoundedInloggenForm.swift; sourceTree = "<group>"; };
		4A2FE70C22760B640098AA1B /* RoundedInloggenButton.swift */ = {isa = PBXFileReference; lastKnownFileType = sourcecode.swift; path = RoundedInloggenButton.swift; sourceTree = "<group>"; };
		4A6565392271F62600219D06 /* erkeb.app */ = {isa = PBXFileReference; explicitFileType = wrapper.application; includeInIndex = 0; path = erkeb.app; sourceTree = BUILT_PRODUCTS_DIR; };
		4A65653C2271F62600219D06 /* AppDelegate.swift */ = {isa = PBXFileReference; lastKnownFileType = sourcecode.swift; path = AppDelegate.swift; sourceTree = "<group>"; };
		4A65653E2271F62600219D06 /* HomeVC.swift */ = {isa = PBXFileReference; lastKnownFileType = sourcecode.swift; path = HomeVC.swift; sourceTree = "<group>"; };
		4A6565412271F62600219D06 /* Base */ = {isa = PBXFileReference; lastKnownFileType = file.storyboard; name = Base; path = Base.lproj/Main.storyboard; sourceTree = "<group>"; };
		4A6565432271F62700219D06 /* Assets.xcassets */ = {isa = PBXFileReference; lastKnownFileType = folder.assetcatalog; path = Assets.xcassets; sourceTree = "<group>"; };
		4A6565462271F62700219D06 /* Base */ = {isa = PBXFileReference; lastKnownFileType = file.storyboard; name = Base; path = Base.lproj/LaunchScreen.storyboard; sourceTree = "<group>"; };
		4A6565482271F62700219D06 /* Info.plist */ = {isa = PBXFileReference; lastKnownFileType = text.plist.xml; path = Info.plist; sourceTree = "<group>"; };
		4A68E6F7F15CE4B4AEA74080 /* Pods-erkeb.release.xcconfig */ = {isa = PBXFileReference; includeInIndex = 1; lastKnownFileType = text.xcconfig; name = "Pods-erkeb.release.xcconfig"; path = "Pods/Target Support Files/Pods-erkeb/Pods-erkeb.release.xcconfig"; sourceTree = "<group>"; };
		4A80116622747C470022C3FA /* ContainerVC.swift */ = {isa = PBXFileReference; lastKnownFileType = sourcecode.swift; path = ContainerVC.swift; sourceTree = "<group>"; };
		4A80116922748B3E0022C3FA /* CenterVCDelegate.swift */ = {isa = PBXFileReference; lastKnownFileType = sourcecode.swift; path = CenterVCDelegate.swift; sourceTree = "<group>"; };
		4A80116C2274C4EB0022C3FA /* UIViewExt.swift */ = {isa = PBXFileReference; lastKnownFileType = sourcecode.swift; path = UIViewExt.swift; sourceTree = "<group>"; };
		4A80116E2274E9BE0022C3FA /* InloggenVC.swift */ = {isa = PBXFileReference; lastKnownFileType = sourcecode.swift; path = InloggenVC.swift; sourceTree = "<group>"; };
		4AB27FDA22733245000E3B24 /* GradientView.swift */ = {isa = PBXFileReference; lastKnownFileType = sourcecode.swift; path = GradientView.swift; sourceTree = "<group>"; };
		4AB27FDC22734AFC000E3B24 /* RoundedImageView.swift */ = {isa = PBXFileReference; lastKnownFileType = sourcecode.swift; path = RoundedImageView.swift; sourceTree = "<group>"; };
		4AD5C37E22734CF300CA3A92 /* RoundedLocationForm.swift */ = {isa = PBXFileReference; lastKnownFileType = sourcecode.swift; path = RoundedLocationForm.swift; sourceTree = "<group>"; };
		4AD5C3802273504400CA3A92 /* CircleLocationFormView.swift */ = {isa = PBXFileReference; lastKnownFileType = sourcecode.swift; path = CircleLocationFormView.swift; sourceTree = "<group>"; };
		4AD5C38222735F2000CA3A92 /* RoundedBoekEenRitButton.swift */ = {isa = PBXFileReference; lastKnownFileType = sourcecode.swift; path = RoundedBoekEenRitButton.swift; sourceTree = "<group>"; };
		4AD5C3842273613D00CA3A92 /* CenterMapButton.swift */ = {isa = PBXFileReference; lastKnownFileType = sourcecode.swift; path = CenterMapButton.swift; sourceTree = "<group>"; };
		58DF2EA7F81F745BDBE57BF7 /* Pods_erkeb.framework */ = {isa = PBXFileReference; explicitFileType = wrapper.framework; includeInIndex = 0; path = Pods_erkeb.framework; sourceTree = BUILT_PRODUCTS_DIR; };
		C76A181F7A71FE8C8060B438 /* Pods-erkeb.debug.xcconfig */ = {isa = PBXFileReference; includeInIndex = 1; lastKnownFileType = text.xcconfig; name = "Pods-erkeb.debug.xcconfig"; path = "Pods/Target Support Files/Pods-erkeb/Pods-erkeb.debug.xcconfig"; sourceTree = "<group>"; };
/* End PBXFileReference section */

/* Begin PBXFrameworksBuildPhase section */
		4A6565362271F62600219D06 /* Frameworks */ = {
			isa = PBXFrameworksBuildPhase;
			buildActionMask = 2147483647;
			files = (
				B766CA26C21C93D73D717E3C /* Pods_erkeb.framework in Frameworks */,
			);
			runOnlyForDeploymentPostprocessing = 0;
		};
/* End PBXFrameworksBuildPhase section */

/* Begin PBXGroup section */
		0B7869605B36C5240794DF6F /* Pods */ = {
			isa = PBXGroup;
			children = (
				C76A181F7A71FE8C8060B438 /* Pods-erkeb.debug.xcconfig */,
				4A68E6F7F15CE4B4AEA74080 /* Pods-erkeb.release.xcconfig */,
			);
			name = Pods;
			sourceTree = "<group>";
		};
		4A6565302271F62600219D06 = {
			isa = PBXGroup;
			children = (
				4A65653B2271F62600219D06 /* erkeb */,
				4A65653A2271F62600219D06 /* Products */,
				0B7869605B36C5240794DF6F /* Pods */,
				FDC567CCEEE12AA91B9109E8 /* Frameworks */,
			);
			sourceTree = "<group>";
		};
		4A65653A2271F62600219D06 /* Products */ = {
			isa = PBXGroup;
			children = (
				4A6565392271F62600219D06 /* erkeb.app */,
			);
			name = Products;
			sourceTree = "<group>";
		};
		4A65653B2271F62600219D06 /* erkeb */ = {
			isa = PBXGroup;
			children = (
				4A80116B2274C4B10022C3FA /* Extensions */,
				4A80116822748B220022C3FA /* Protocols */,
				4AB27FD9227331FB000E3B24 /* Model */,
				4AB27FD8227331EA000E3B24 /* View */,
				4AB27FD7227331E1000E3B24 /* Controller */,
				4A65653C2271F62600219D06 /* AppDelegate.swift */,
				4A6565402271F62600219D06 /* Main.storyboard */,
				4A6565432271F62700219D06 /* Assets.xcassets */,
				4A6565452271F62700219D06 /* LaunchScreen.storyboard */,
				4A6565482271F62700219D06 /* Info.plist */,
			);
			path = erkeb;
			sourceTree = "<group>";
		};
		4A80116822748B220022C3FA /* Protocols */ = {
			isa = PBXGroup;
			children = (
				4A80116922748B3E0022C3FA /* CenterVCDelegate.swift */,
			);
			path = Protocols;
			sourceTree = "<group>";
		};
		4A80116B2274C4B10022C3FA /* Extensions */ = {
			isa = PBXGroup;
			children = (
				4A80116C2274C4EB0022C3FA /* UIViewExt.swift */,
			);
			path = Extensions;
			sourceTree = "<group>";
		};
		4AB27FD7227331E1000E3B24 /* Controller */ = {
			isa = PBXGroup;
			children = (
				4A65653E2271F62600219D06 /* HomeVC.swift */,
				4A1ADF1122739DD300E6F187 /* MenuLeftPanelVC.swift */,
				4A80116622747C470022C3FA /* ContainerVC.swift */,
				4A80116E2274E9BE0022C3FA /* InloggenVC.swift */,
			);
			path = Controller;
			sourceTree = "<group>";
		};
		4AB27FD8227331EA000E3B24 /* View */ = {
			isa = PBXGroup;
			children = (
				4AB27FDA22733245000E3B24 /* GradientView.swift */,
				4AB27FDC22734AFC000E3B24 /* RoundedImageView.swift */,
				4AD5C37E22734CF300CA3A92 /* RoundedLocationForm.swift */,
				4AD5C3802273504400CA3A92 /* CircleLocationFormView.swift */,
				4AD5C38222735F2000CA3A92 /* RoundedBoekEenRitButton.swift */,
				4AD5C3842273613D00CA3A92 /* CenterMapButton.swift */,
				4A2FE7082275FEFB0098AA1B /* RoundedTextField.swift */,
				4A2FE70A22760AFA0098AA1B /* RoundedInloggenForm.swift */,
				4A2FE70C22760B640098AA1B /* RoundedInloggenButton.swift */,
			);
			path = View;
			sourceTree = "<group>";
		};
		4AB27FD9227331FB000E3B24 /* Model */ = {
			isa = PBXGroup;
			children = (
			);
			path = Model;
			sourceTree = "<group>";
		};
		FDC567CCEEE12AA91B9109E8 /* Frameworks */ = {
			isa = PBXGroup;
			children = (
				58DF2EA7F81F745BDBE57BF7 /* Pods_erkeb.framework */,
			);
			name = Frameworks;
			sourceTree = "<group>";
		};
/* End PBXGroup section */

/* Begin PBXNativeTarget section */
		4A6565382271F62600219D06 /* erkeb */ = {
			isa = PBXNativeTarget;
			buildConfigurationList = 4A65654B2271F62700219D06 /* Build configuration list for PBXNativeTarget "erkeb" */;
			buildPhases = (
				3F9DB6E41AA15ABF73577B0E /* [CP] Check Pods Manifest.lock */,
				4A6565352271F62600219D06 /* Sources */,
				4A6565362271F62600219D06 /* Frameworks */,
				4A6565372271F62600219D06 /* Resources */,
				1D1F345A0881A5A1E8070CBC /* [CP] Embed Pods Frameworks */,
				C0F27E42AED76CE3DEE4C381 /* [CP] Copy Pods Resources */,
			);
			buildRules = (
			);
			dependencies = (
			);
			name = erkeb;
			productName = erkeb;
			productReference = 4A6565392271F62600219D06 /* erkeb.app */;
			productType = "com.apple.product-type.application";
		};
/* End PBXNativeTarget section */

/* Begin PBXProject section */
		4A6565312271F62600219D06 /* Project object */ = {
			isa = PBXProject;
			attributes = {
				LastSwiftUpdateCheck = 1020;
				LastUpgradeCheck = 1020;
				ORGANIZATIONNAME = "Ismail Abes";
				TargetAttributes = {
					4A6565382271F62600219D06 = {
						CreatedOnToolsVersion = 10.2.1;
					};
				};
			};
			buildConfigurationList = 4A6565342271F62600219D06 /* Build configuration list for PBXProject "erkeb" */;
			compatibilityVersion = "Xcode 9.3";
			developmentRegion = en;
			hasScannedForEncodings = 0;
			knownRegions = (
				en,
				Base,
			);
			mainGroup = 4A6565302271F62600219D06;
			productRefGroup = 4A65653A2271F62600219D06 /* Products */;
			projectDirPath = "";
			projectRoot = "";
			targets = (
				4A6565382271F62600219D06 /* erkeb */,
			);
		};
/* End PBXProject section */

/* Begin PBXResourcesBuildPhase section */
		4A6565372271F62600219D06 /* Resources */ = {
			isa = PBXResourcesBuildPhase;
			buildActionMask = 2147483647;
			files = (
				4A6565472271F62700219D06 /* LaunchScreen.storyboard in Resources */,
				4A6565442271F62700219D06 /* Assets.xcassets in Resources */,
				4A6565422271F62600219D06 /* Main.storyboard in Resources */,
			);
			runOnlyForDeploymentPostprocessing = 0;
		};
/* End PBXResourcesBuildPhase section */

/* Begin PBXShellScriptBuildPhase section */
		1D1F345A0881A5A1E8070CBC /* [CP] Embed Pods Frameworks */ = {
			isa = PBXShellScriptBuildPhase;
			buildActionMask = 2147483647;
			files = (
			);
			inputPaths = (
				"${SRCROOT}/Pods/Target Support Files/Pods-erkeb/Pods-erkeb-frameworks.sh",
				"${BUILT_PRODUCTS_DIR}/GTMSessionFetcher/GTMSessionFetcher.framework",
				"${BUILT_PRODUCTS_DIR}/GoogleUtilities/GoogleUtilities.framework",
				"${BUILT_PRODUCTS_DIR}/RevealingSplashView/RevealingSplashView.framework",
				"${BUILT_PRODUCTS_DIR}/TTSegmentedControl/TTSegmentedControl.framework",
				"${BUILT_PRODUCTS_DIR}/leveldb-library/leveldb.framework",
				"${BUILT_PRODUCTS_DIR}/nanopb/nanopb.framework",
			);
			name = "[CP] Embed Pods Frameworks";
			outputPaths = (
				"${TARGET_BUILD_DIR}/${FRAMEWORKS_FOLDER_PATH}/GTMSessionFetcher.framework",
				"${TARGET_BUILD_DIR}/${FRAMEWORKS_FOLDER_PATH}/GoogleUtilities.framework",
				"${TARGET_BUILD_DIR}/${FRAMEWORKS_FOLDER_PATH}/RevealingSplashView.framework",
				"${TARGET_BUILD_DIR}/${FRAMEWORKS_FOLDER_PATH}/TTSegmentedControl.framework",
				"${TARGET_BUILD_DIR}/${FRAMEWORKS_FOLDER_PATH}/leveldb.framework",
				"${TARGET_BUILD_DIR}/${FRAMEWORKS_FOLDER_PATH}/nanopb.framework",
			);
			runOnlyForDeploymentPostprocessing = 0;
			shellPath = /bin/sh;
			shellScript = "\"${SRCROOT}/Pods/Target Support Files/Pods-erkeb/Pods-erkeb-frameworks.sh\"\n";
			showEnvVarsInLog = 0;
		};
		3F9DB6E41AA15ABF73577B0E /* [CP] Check Pods Manifest.lock */ = {
			isa = PBXShellScriptBuildPhase;
			buildActionMask = 2147483647;
			files = (
			);
			inputPaths = (
				"${PODS_PODFILE_DIR_PATH}/Podfile.lock",
				"${PODS_ROOT}/Manifest.lock",
			);
			name = "[CP] Check Pods Manifest.lock";
			outputPaths = (
				"$(DERIVED_FILE_DIR)/Pods-erkeb-checkManifestLockResult.txt",
			);
			runOnlyForDeploymentPostprocessing = 0;
			shellPath = /bin/sh;
			shellScript = "diff \"${PODS_PODFILE_DIR_PATH}/Podfile.lock\" \"${PODS_ROOT}/Manifest.lock\" > /dev/null\nif [ $? != 0 ] ; then\n    # print error to STDERR\n    echo \"error: The sandbox is not in sync with the Podfile.lock. Run 'pod install' or update your CocoaPods installation.\" >&2\n    exit 1\nfi\n# This output is used by Xcode 'outputs' to avoid re-running this script phase.\necho \"SUCCESS\" > \"${SCRIPT_OUTPUT_FILE_0}\"\n";
			showEnvVarsInLog = 0;
		};
		C0F27E42AED76CE3DEE4C381 /* [CP] Copy Pods Resources */ = {
			isa = PBXShellScriptBuildPhase;
			buildActionMask = 2147483647;
			files = (
			);
			inputPaths = (
			);
			name = "[CP] Copy Pods Resources";
			outputPaths = (
			);
			runOnlyForDeploymentPostprocessing = 0;
			shellPath = /bin/sh;
			shellScript = "\"${SRCROOT}/Pods/Target Support Files/Pods-erkeb/Pods-erkeb-resources.sh\"\n";
			showEnvVarsInLog = 0;
		};
/* End PBXShellScriptBuildPhase section */

/* Begin PBXSourcesBuildPhase section */
		4A6565352271F62600219D06 /* Sources */ = {
			isa = PBXSourcesBuildPhase;
			buildActionMask = 2147483647;
			files = (
				4A80116F2274E9BE0022C3FA /* InloggenVC.swift in Sources */,
				4A80116D2274C4EB0022C3FA /* UIViewExt.swift in Sources */,
				4AD5C37F22734CF300CA3A92 /* RoundedLocationForm.swift in Sources */,
				4A2FE70B22760AFA0098AA1B /* RoundedInloggenForm.swift in Sources */,
				4A1ADF1222739DD300E6F187 /* MenuLeftPanelVC.swift in Sources */,
				4AB27FDD22734AFC000E3B24 /* RoundedImageView.swift in Sources */,
				4A2FE70D22760B640098AA1B /* RoundedInloggenButton.swift in Sources */,
				4A65653F2271F62600219D06 /* HomeVC.swift in Sources */,
				4A80116A22748B3E0022C3FA /* CenterVCDelegate.swift in Sources */,
				4A80116722747C470022C3FA /* ContainerVC.swift in Sources */,
				4AD5C3852273613D00CA3A92 /* CenterMapButton.swift in Sources */,
				4A65653D2271F62600219D06 /* AppDelegate.swift in Sources */,
				4AB27FDB22733245000E3B24 /* GradientView.swift in Sources */,
				4A2FE7092275FEFB0098AA1B /* RoundedTextField.swift in Sources */,
				4AD5C38322735F2000CA3A92 /* RoundedBoekEenRitButton.swift in Sources */,
				4AD5C3812273504400CA3A92 /* CircleLocationFormView.swift in Sources */,
			);
			runOnlyForDeploymentPostprocessing = 0;
		};
/* End PBXSourcesBuildPhase section */

/* Begin PBXVariantGroup section */
		4A6565402271F62600219D06 /* Main.storyboard */ = {
			isa = PBXVariantGroup;
			children = (
				4A6565412271F62600219D06 /* Base */,
			);
			name = Main.storyboard;
			sourceTree = "<group>";
		};
		4A6565452271F62700219D06 /* LaunchScreen.storyboard */ = {
			isa = PBXVariantGroup;
			children = (
				4A6565462271F62700219D06 /* Base */,
			);
			name = LaunchScreen.storyboard;
			sourceTree = "<group>";
		};
/* End PBXVariantGroup section */

/* Begin XCBuildConfiguration section */
		4A6565492271F62700219D06 /* Debug */ = {
			isa = XCBuildConfiguration;
			buildSettings = {
				ALWAYS_SEARCH_USER_PATHS = NO;
				CLANG_ANALYZER_NONNULL = YES;
				CLANG_ANALYZER_NUMBER_OBJECT_CONVERSION = YES_AGGRESSIVE;
				CLANG_CXX_LANGUAGE_STANDARD = "gnu++14";
				CLANG_CXX_LIBRARY = "libc++";
				CLANG_ENABLE_MODULES = YES;
				CLANG_ENABLE_OBJC_ARC = YES;
				CLANG_ENABLE_OBJC_WEAK = YES;
				CLANG_WARN_BLOCK_CAPTURE_AUTORELEASING = YES;
				CLANG_WARN_BOOL_CONVERSION = YES;
				CLANG_WARN_COMMA = YES;
				CLANG_WARN_CONSTANT_CONVERSION = YES;
				CLANG_WARN_DEPRECATED_OBJC_IMPLEMENTATIONS = YES;
				CLANG_WARN_DIRECT_OBJC_ISA_USAGE = YES_ERROR;
				CLANG_WARN_DOCUMENTATION_COMMENTS = YES;
				CLANG_WARN_EMPTY_BODY = YES;
				CLANG_WARN_ENUM_CONVERSION = YES;
				CLANG_WARN_INFINITE_RECURSION = YES;
				CLANG_WARN_INT_CONVERSION = YES;
				CLANG_WARN_NON_LITERAL_NULL_CONVERSION = YES;
				CLANG_WARN_OBJC_IMPLICIT_RETAIN_SELF = YES;
				CLANG_WARN_OBJC_LITERAL_CONVERSION = YES;
				CLANG_WARN_OBJC_ROOT_CLASS = YES_ERROR;
				CLANG_WARN_RANGE_LOOP_ANALYSIS = YES;
				CLANG_WARN_STRICT_PROTOTYPES = YES;
				CLANG_WARN_SUSPICIOUS_MOVE = YES;
				CLANG_WARN_UNGUARDED_AVAILABILITY = YES_AGGRESSIVE;
				CLANG_WARN_UNREACHABLE_CODE = YES;
				CLANG_WARN__DUPLICATE_METHOD_MATCH = YES;
				CODE_SIGN_IDENTITY = "iPhone Developer";
				COPY_PHASE_STRIP = NO;
				DEBUG_INFORMATION_FORMAT = dwarf;
				ENABLE_STRICT_OBJC_MSGSEND = YES;
				ENABLE_TESTABILITY = YES;
				GCC_C_LANGUAGE_STANDARD = gnu11;
				GCC_DYNAMIC_NO_PIC = NO;
				GCC_NO_COMMON_BLOCKS = YES;
				GCC_OPTIMIZATION_LEVEL = 0;
				GCC_PREPROCESSOR_DEFINITIONS = (
					"DEBUG=1",
					"$(inherited)",
				);
				GCC_WARN_64_TO_32_BIT_CONVERSION = YES;
				GCC_WARN_ABOUT_RETURN_TYPE = YES_ERROR;
				GCC_WARN_UNDECLARED_SELECTOR = YES;
				GCC_WARN_UNINITIALIZED_AUTOS = YES_AGGRESSIVE;
				GCC_WARN_UNUSED_FUNCTION = YES;
				GCC_WARN_UNUSED_VARIABLE = YES;
				IPHONEOS_DEPLOYMENT_TARGET = 12.2;
				MTL_ENABLE_DEBUG_INFO = INCLUDE_SOURCE;
				MTL_FAST_MATH = YES;
				ONLY_ACTIVE_ARCH = YES;
				SDKROOT = iphoneos;
				SWIFT_ACTIVE_COMPILATION_CONDITIONS = DEBUG;
				SWIFT_OPTIMIZATION_LEVEL = "-Onone";
			};
			name = Debug;
		};
		4A65654A2271F62700219D06 /* Release */ = {
			isa = XCBuildConfiguration;
			buildSettings = {
				ALWAYS_SEARCH_USER_PATHS = NO;
				CLANG_ANALYZER_NONNULL = YES;
				CLANG_ANALYZER_NUMBER_OBJECT_CONVERSION = YES_AGGRESSIVE;
				CLANG_CXX_LANGUAGE_STANDARD = "gnu++14";
				CLANG_CXX_LIBRARY = "libc++";
				CLANG_ENABLE_MODULES = YES;
				CLANG_ENABLE_OBJC_ARC = YES;
				CLANG_ENABLE_OBJC_WEAK = YES;
				CLANG_WARN_BLOCK_CAPTURE_AUTORELEASING = YES;
				CLANG_WARN_BOOL_CONVERSION = YES;
				CLANG_WARN_COMMA = YES;
				CLANG_WARN_CONSTANT_CONVERSION = YES;
				CLANG_WARN_DEPRECATED_OBJC_IMPLEMENTATIONS = YES;
				CLANG_WARN_DIRECT_OBJC_ISA_USAGE = YES_ERROR;
				CLANG_WARN_DOCUMENTATION_COMMENTS = YES;
				CLANG_WARN_EMPTY_BODY = YES;
				CLANG_WARN_ENUM_CONVERSION = YES;
				CLANG_WARN_INFINITE_RECURSION = YES;
				CLANG_WARN_INT_CONVERSION = YES;
				CLANG_WARN_NON_LITERAL_NULL_CONVERSION = YES;
				CLANG_WARN_OBJC_IMPLICIT_RETAIN_SELF = YES;
				CLANG_WARN_OBJC_LITERAL_CONVERSION = YES;
				CLANG_WARN_OBJC_ROOT_CLASS = YES_ERROR;
				CLANG_WARN_RANGE_LOOP_ANALYSIS = YES;
				CLANG_WARN_STRICT_PROTOTYPES = YES;
				CLANG_WARN_SUSPICIOUS_MOVE = YES;
				CLANG_WARN_UNGUARDED_AVAILABILITY = YES_AGGRESSIVE;
				CLANG_WARN_UNREACHABLE_CODE = YES;
				CLANG_WARN__DUPLICATE_METHOD_MATCH = YES;
				CODE_SIGN_IDENTITY = "iPhone Developer";
				COPY_PHASE_STRIP = NO;
				DEBUG_INFORMATION_FORMAT = "dwarf-with-dsym";
				ENABLE_NS_ASSERTIONS = NO;
				ENABLE_STRICT_OBJC_MSGSEND = YES;
				GCC_C_LANGUAGE_STANDARD = gnu11;
				GCC_NO_COMMON_BLOCKS = YES;
				GCC_WARN_64_TO_32_BIT_CONVERSION = YES;
				GCC_WARN_ABOUT_RETURN_TYPE = YES_ERROR;
				GCC_WARN_UNDECLARED_SELECTOR = YES;
				GCC_WARN_UNINITIALIZED_AUTOS = YES_AGGRESSIVE;
				GCC_WARN_UNUSED_FUNCTION = YES;
				GCC_WARN_UNUSED_VARIABLE = YES;
				IPHONEOS_DEPLOYMENT_TARGET = 12.2;
				MTL_ENABLE_DEBUG_INFO = NO;
				MTL_FAST_MATH = YES;
				SDKROOT = iphoneos;
				SWIFT_COMPILATION_MODE = wholemodule;
				SWIFT_OPTIMIZATION_LEVEL = "-O";
				VALIDATE_PRODUCT = YES;
			};
			name = Release;
		};
		4A65654C2271F62700219D06 /* Debug */ = {
			isa = XCBuildConfiguration;
			baseConfigurationReference = C76A181F7A71FE8C8060B438 /* Pods-erkeb.debug.xcconfig */;
			buildSettings = {
				ASSETCATALOG_COMPILER_APPICON_NAME = AppIcon;
				CODE_SIGN_STYLE = Automatic;
				DEVELOPMENT_TEAM = FT4KEZA9D3;
				INFOPLIST_FILE = erkeb/Info.plist;
				LD_RUNPATH_SEARCH_PATHS = (
					"$(inherited)",
					"@executable_path/Frameworks",
				);
				PRODUCT_BUNDLE_IDENTIFIER = com.ismailabes.erkeb;
				PRODUCT_NAME = "$(TARGET_NAME)";
				SWIFT_VERSION = 4.0;
				TARGETED_DEVICE_FAMILY = "1,2";
			};
			name = Debug;
		};
		4A65654D2271F62700219D06 /* Release */ = {
			isa = XCBuildConfiguration;
			baseConfigurationReference = 4A68E6F7F15CE4B4AEA74080 /* Pods-erkeb.release.xcconfig */;
			buildSettings = {
				ASSETCATALOG_COMPILER_APPICON_NAME = AppIcon;
				CODE_SIGN_STYLE = Automatic;
				DEVELOPMENT_TEAM = FT4KEZA9D3;
				INFOPLIST_FILE = erkeb/Info.plist;
				LD_RUNPATH_SEARCH_PATHS = (
					"$(inherited)",
					"@executable_path/Frameworks",
				);
				PRODUCT_BUNDLE_IDENTIFIER = com.ismailabes.erkeb;
				PRODUCT_NAME = "$(TARGET_NAME)";
				SWIFT_VERSION = 4.0;
				TARGETED_DEVICE_FAMILY = "1,2";
			};
			name = Release;
		};
/* End XCBuildConfiguration section */

/* Begin XCConfigurationList section */
		4A6565342271F62600219D06 /* Build configuration list for PBXProject "erkeb" */ = {
			isa = XCConfigurationList;
			buildConfigurations = (
				4A6565492271F62700219D06 /* Debug */,
				4A65654A2271F62700219D06 /* Release */,
			);
			defaultConfigurationIsVisible = 0;
			defaultConfigurationName = Release;
		};
		4A65654B2271F62700219D06 /* Build configuration list for PBXNativeTarget "erkeb" */ = {
			isa = XCConfigurationList;
			buildConfigurations = (
				4A65654C2271F62700219D06 /* Debug */,
				4A65654D2271F62700219D06 /* Release */,
			);
			defaultConfigurationIsVisible = 0;
			defaultConfigurationName = Release;
		};
/* End XCConfigurationList section */
	};
	rootObject = 4A6565312271F62600219D06 /* Project object */;
}
